{
  "lockfile_version": "1",
  "packages": {
    "gcc@16.2.0": {
      "last_modified": "2026-08-08T22:24:59Z",
      "resolved": "github:NixOS/nixpkgs/fe6deff5fad4a42d0e08d2bab3f2d6c7c88f3fe5#gcc16",
      "source": "devbox-search",
      "version": "16.2.0",
      "systems": {
        "aarch64-darwin": {
          "outputs": [
            {
              "name": "out",
              "path": "/nix/store/ww5pj90jzv80vy4g1xyywx8n8lr4r7sb-gcc-wrapper-16.2.0",
              "default": true
            },
            {
              "name": "man",
              "path": "/nix/store/5y84dhnl0x07r1dccij8kfxr0q3wxbfp-gcc-wrapper-16.2.0-man",
              "default": true
            },
            {
              "name": "info",
              "path": "/nix/store/9d9f290n2lj2cv8fkp83jnm3zgqz22x7-gcc-wrapper-16.2.0-info"
            }
          ],
          "store_path": "/nix/store/ww5pj90jzv80vy4g1xyywx8n8lr4r7sb-gcc-wrapper-16.2.0"
        },
        "aarch64-linux": {
          "outputs": [
            {
              "name": "out",
              "path": "/nix/store/xs93qn8b6m49ah2lzdbxgz30dmv726m6-gcc-wrapper-16.2.0",
              "default": true
            },
            {
              "name": "man",
              "path": "/nix/store/xd64lc1m39d0j984r800b66ssqzby5yp-gcc-wrapper-16.2.0-man",
              "default": true
            },
            {
              "name": "info",
              "path": "/nix/store/smr5krjzq4pf9maq2sya1qyj702v1b15-gcc-wrapper-16.2.0-info"
            }
          ],
          "store_path": "/nix/store/xs93qn8b6m49ah2lzdbxgz30dmv726m6-gcc-wrapper-16.2.0"
        },
        "x86_64-linux": {
          "outputs": [
            {
              "name": "out",
              "path": "/nix/store/cx7sfi4vd3s9bzmahsfzmx3m22lwk2vg-gcc-wrapper-16.2.0",
              "default": true
            },
            {
              "name": "man",
              "path": "/nix/store/z6lpnmsj89xssv5i76v1fzk9cdvan2cp-gcc-wrapper-16.2.0-man",
              "default": true
            },
            {
              "name": "info",
              "path": "/nix/store/l9hqka3ja5kyn476wqf7vbph74swqsq0-gcc-wrapper-16.2.0-info"
            }
          ],
          "store_path": "/nix/store/cx7sfi4vd3s9bzmahsfzmx3m22lwk2vg-gcc-wrapper-16.2.0"
        }
      }
    },
    "github:NixOS/nixpkgs/nixpkgs-unstable": {
      "last_modified": "2026-06-02T02:01:59Z",
      "resolved": "github:NixOS/nixpkgs/ffa10e26ae11d676b2db836259889f1f571cb14f?lastModified=1780365719&narHash=sha256-QfWfccTN%2B70ZQ4m2qlU9PiKfz2Yppq94058iJyARNwc%3D"
    },
    "github:dagger/nix/89dee52f7839a290326eb1f929a4ac99d4a1aae1#packages.aarch64-darwin.dagger": {
      "last_modified": "1970-01-01T00:00:00Z",
      "resolved": "github:dagger/nix/89dee52f7839a290326eb1f929a4ac99d4a1aae1#packages.aarch64-darwin.dagger"
    },
    "github:dagger/nix/89dee52f7839a290326eb1f929a4ac99d4a1aae1#packages.aarch64-linux.dagger": {
      "last_modified": "1970-01-01T00:00:00Z",
      "resolved": "github:dagger/nix/89dee52f7839a290326eb1f929a4ac99d4a1aae1#packages.aarch64-linux.dagger"
    },
    "go-task@3.53.1": {
      "last_modified": "2026-08-25T04:16:28Z",
      "resolved": "github:NixOS/nixpkgs/ac6b2166e7a9375683b8e98f860f273222337b16#go-task",
      "source": "devbox-search",
      "version": "3.53.1",
      "systems": {
        "aarch64-darwin": {
          "outputs": [
            {
              "name": "out",
              "path": "/nix/store/wl966f8iwck82flhiw7ipihh42n56vdn-go-task-3.53.1",
              "default": true
            }
          ],
          "store_path": "/nix/store/wl966f8iwck82flhiw7ipihh42n56vdn-go-task-3.53.1"
        },
        "aarch64-linux": {
          "outputs": [
            {
              "name": "out",
              "path": "/nix/store/07g51y69ilya5bjm5syrdszv3dcs3lif-go-task-3.53.1",
              "default": true
            }
          ],
          "store_path": "/nix/store/07g51y69ilya5bjm5syrdszv3dcs3lif-go-task-3.53.1"
        },
        "x86_64-linux": {
          "outputs": [
            {
              "name": "out",
              "path": "/nix/store/yb9k3vvims3p0iddv48n05caxy63asay-go-task-3.53.1",
              "default": true
            }
          ],
          "store_path": "/nix/store/yb9k3vvims3p0iddv48n05caxy63asay-go-task-3.53.1"
        }
      }
    },
    "go@1.26.4": {
      "last_modified": "2026-06-27T07:37:20Z",
      "resolved": "github:NixOS/nixpkgs/3d46470bb3030020f7e1361f33514854f5bfa86d#go",
      "source": "devbox-search",
      "version": "1.26.4",
      "systems": {
        "aarch64-darwin": {
          "outputs": [
            {
              "name": "out",
              "path": "/nix/store/kyai650rrywrzflnwda9mbk2c2j9w68r-go-1.26.4",
              "default": true
            }
          ],
          "store_path": "/nix/store/kyai650rrywrzflnwda9mbk2c2j9w68r-go-1.26.4"
        },
        "aarch64-linux": {
          "outputs": [
            {
              "name": "out",
              "path": "/nix/store/lgcj27hrbanbc93xm9zdrldds7b1jrw8-go-1.26.4",
              "default": true
            }
          ],
          "store_path": "/nix/store/lgcj27hrbanbc93xm9zdrldds7b1jrw8-go-1.26.4"
        },
        "x86_64-darwin": {
          "outputs": [
            {
              "name": "out",
              "path": "/nix/store/h0z6ghmi3cihlbm163d72xs9p9nn04a1-go-1.26.4",
              "default": true
            }
          ],
          "store_path": "/nix/store/h0z6ghmi3cihlbm163d72xs9p9nn04a1-go-1.26.4"
        },
        "x86_64-linux": {
          "outputs": [
            {
              "name": "out",
              "path": "/nix/store/gb0njhqswlc5n127ikgyikvq39r40l6f-go-1.26.4",
              "default": true
            }
          ],
          "store_path": "/nix/store/gb0njhqswlc5n127ikgyikvq39r40l6f-go-1.26.4"
        }
      }
    },
    "golangci-lint@2.13.1": {
      "last_modified": "2026-08-22T02:12:10Z",
      "resolved": "github:NixOS/nixpkgs/a831408e6378bc02ebf8cc09b52c96ca86f6bab4#golangci-lint",
      "source": "devbox-search",
      "version": "2.13.1",
      "systems": {
        "aarch64-darwin": {
          "outputs": [
            {
              "name": "out",
              "path": "/nix/store/2ddz1c6nixfk37xbw2xm8mc4791xiapp-golangci-lint-2.13.1",
              "default": true
            }
          ],
          "store_path": "/nix/store/2ddz1c6nixfk37xbw2xm8mc4791xiapp-golangci-lint-2.13.1"
        },
        "aarch64-linux": {
          "outputs": [
            {
              "name": "out",
              "path": "/nix/store/ly1ppwpfd0dp43qdvlg1qrz5g75m10pq-golangci-lint-2.13.1",
              "default": true
            }
          ],
          "store_path": "/nix/store/ly1ppwpfd0dp43qdvlg1qrz5g75m10pq-golangci-lint-2.13.1"
        },
        "x86_64-linux": {
          "outputs": [
            {
              "name": "out",
              "path": "/nix/store/f8g7b23rb71n4cwv3lyj870c5yk22kqy-golangci-lint-2.13.1",
              "default": true
            }
          ],
          "store_path": "/nix/store/f8g7b23rb71n4cwv3lyj870c5yk22kqy-golangci-lint-2.13.1"
        }
      }
    },
    "lefthook@2.1.10": {
      "last_modified": "2026-08-01T16:34:20Z",
      "resolved": "github:NixOS/nixpkgs/a5cbcfe954791221bfffe2307f7d1a1bf61a871e#lefthook",
      "source": "devbox-search",
      "version": "2.1.10",
      "systems": {
        "aarch64-darwin": {
          "outputs": [
            {
              "name": "out",
              "path": "/nix/store/wj8k8cws8h9r9ysvmr1w60aniaal8c0y-lefthook-2.1.10",
              "default": true
            }
          ],
          "store_path": "/nix/store/wj8k8cws8h9r9ysvmr1w60aniaal8c0y-lefthook-2.1.10"
        },
        "aarch64-linux": {
          "outputs": [
            {
              "name": "out",
              "path": "/nix/store/bi1y28x37nrpdjddkipnaghmnpxarhwg-lefthook-2.1.10",
              "default": true
            }
          ],
          "store_path": "/nix/store/bi1y28x37nrpdjddkipnaghmnpxarhwg-lefthook-2.1.10"
        },
        "x86_64-linux": {
          "outputs": [
            {
              "name": "out",
              "path": "/nix/store/hc7prw1l4xqipvw4a4gr4p65h50skdpy-lefthook-2.1.10",
              "default": true
            }
          ],
          "store_path": "/nix/store/hc7prw1l4xqipvw4a4gr4p65h50skdpy-lefthook-2.1.10"
        }
      }
    },
    "prettier@3.9.6": {
      "last_modified": "2026-08-27T23:47:58Z",
      "resolved": "github:NixOS/nixpkgs/7d1a7c21a4c00ea653fc7ed5c083d261340f185f#prettier",
      "source": "devbox-search",
      "version": "3.9.6",
      "systems": {
        "aarch64-darwin": {
          "outputs": [
            {
              "name": "out",
              "path": "/nix/store/9j82cqj3msajb0j2kikka3x5s3sh7r0v-prettier-3.9.6",
              "default": true
            }
          ],
          "store_path": "/nix/store/9j82cqj3msajb0j2kikka3x5s3sh7r0v-prettier-3.9.6"
        },
        "aarch64-linux": {
          "outputs": [
            {
              "name": "out",
              "path": "/nix/store/15dd37yjin93zikq6mzfb2llldb44sfv-prettier-3.9.6",
              "default": true
            }
          ],
          "store_path": "/nix/store/15dd37yjin93zikq6mzfb2llldb44sfv-prettier-3.9.6"
        },
        "x86_64-linux": {
          "outputs": [
            {
              "name": "out",
              "path": "/nix/store/adglp5sp9z99rvk57bp9fn5k3ha7pq42-prettier-3.9.6",
              "default": true
            }
          ],
          "store_path": "/nix/store/adglp5sp9z99rvk57bp9fn5k3ha7pq42-prettier-3.9.6"
        }
      }
    }
  }
}
